dependencies:
- name: kgateway
  repository: oci://cr.kgateway.dev/kgateway-dev/charts
  version: v2.4.5
- name: external-secrets
  repository: https://charts.external-secrets.io
  version: 2.11.0
digest: sha256:0220a594569bfdf92355bf889cbd7f50b9a1c723526c2bd99940ec1f41a23dd2
generated: "2026-09-29T13:23:13.6860588+02:00"
